
Microsoft Visual Studio Solution File, Format Version 12.00
# Visual Studio Version 17
VisualStudioVersion = 17.2.32616.157
MinimumVisualStudioVersion = 10.0.40219.1
Project("{9A19103F-16F7-4668-BE54-9A1E7A4F7556}") = "OpenAI_API", "OpenAI_API\OpenAI_API.csproj", "{99C80D3E-3F0F-4ACC-900D-7AAE6230A780}"
EndProject
Project("{9A19103F-16F7-4668-BE54-9A1E7A4F7556}") = "OpenAI_Tests", "OpenAI_Tests\OpenAI_Tests.csproj", "{066EC5A5-47CE-4B91-B924-F236644037C1}"
EndProject
Project("{2150E333-8FDC-42A3-9474-1A3956D46DE8}") = "Solution Items", "Solution Items", "{1B37C1A8-1122-49FD-A3C1-C8F697714C1B}"
	ProjectSection(SolutionItems) = preProject
		LICENSE.md = LICENSE.md
		README.md = README.md
	EndProjectSection
EndProject
Project("{2150E333-8FDC-42A3-9474-1A3956D46DE8}") = "Samples", "Samples", "{6DBA2738-01FB-450F-86FC-1A0E2F4D26FD}"
EndProject
Project("{9A19103F-16F7-4668-BE54-9A1E7A4F7556}") = "Arkaen.AI.Assistant", "Samples\Arkaen.AI.Assistant\Arkaen.AI.Assistant.csproj", "{6E5B77AE-3E50-4341-BBB6-2379F3F9A6AE}"
EndProject
Project("{2150E333-8FDC-42A3-9474-1A3956D46DE8}") = "Arkaen", "Arkaen", "{B1127880-D3A2-4B95-BE22-BE9E03644D5C}"
EndProject
Project("{2150E333-8FDC-42A3-9474-1A3956D46DE8}") = "AI", "AI", "{4ABF5E00-5DAD-4F15-8B7F-B4CCFCECE8D5}"
EndProject
Project("{FAE04EC0-301F-11D3-BF4B-00C04F79EFBC}") = "AI.Utils", "Arkaen\AI.Utils\AI.Utils.csproj", "{E1000DB2-93F1-4C15-80D2-A2E412077C2A}"
EndProject
Global
	GlobalSection(SolutionConfigurationPlatforms) = preSolution
		Debug|Any CPU = Debug|Any CPU
		Release|Any CPU = Release|Any CPU
	EndGlobalSection
	GlobalSection(ProjectConfigurationPlatforms) = postSolution
		{99C80D3E-3F0F-4ACC-900D-7AAE6230A780}.Debug|Any CPU.ActiveCfg = Debug|Any CPU
		{99C80D3E-3F0F-4ACC-900D-7AAE6230A780}.Debug|Any CPU.Build.0 = Debug|Any CPU
		{99C80D3E-3F0F-4ACC-900D-7AAE6230A780}.Release|Any CPU.ActiveCfg = Release|Any CPU
		{99C80D3E-3F0F-4ACC-900D-7AAE6230A780}.Release|Any CPU.Build.0 = Release|Any CPU
		{066EC5A5-47CE-4B91-B924-F236644037C1}.Debug|Any CPU.ActiveCfg = Debug|Any CPU
		{066EC5A5-47CE-4B91-B924-F236644037C1}.Debug|Any CPU.Build.0 = Debug|Any CPU
		{066EC5A5-47CE-4B91-B924-F236644037C1}.Release|Any CPU.ActiveCfg = Release|Any CPU
		{066EC5A5-47CE-4B91-B924-F236644037C1}.Release|Any CPU.Build.0 = Release|Any CPU
		{6E5B77AE-3E50-4341-BBB6-2379F3F9A6AE}.Debug|Any CPU.ActiveCfg = Debug|Any CPU
		{6E5B77AE-3E50-4341-BBB6-2379F3F9A6AE}.Debug|Any CPU.Build.0 = Debug|Any CPU
		{6E5B77AE-3E50-4341-BBB6-2379F3F9A6AE}.Release|Any CPU.ActiveCfg = Release|Any CPU
		{6E5B77AE-3E50-4341-BBB6-2379F3F9A6AE}.Release|Any CPU.Build.0 = Release|Any CPU
		{E1000DB2-93F1-4C15-80D2-A2E412077C2A}.Debug|Any CPU.ActiveCfg = Debug|Any CPU
		{E1000DB2-93F1-4C15-80D2-A2E412077C2A}.Debug|Any CPU.Build.0 = Debug|Any CPU
		{E1000DB2-93F1-4C15-80D2-A2E412077C2A}.Release|Any CPU.ActiveCfg = Release|Any CPU
		{E1000DB2-93F1-4C15-80D2-A2E412077C2A}.Release|Any CPU.Build.0 = Release|Any CPU
	EndGlobalSection
	GlobalSection(SolutionProperties) = preSolution
		HideSolutionNode = FALSE
	EndGlobalSection
	GlobalSection(NestedProjects) = preSolution
		{6E5B77AE-3E50-4341-BBB6-2379F3F9A6AE} = {6DBA2738-01FB-450F-86FC-1A0E2F4D26FD}
		{4ABF5E00-5DAD-4F15-8B7F-B4CCFCECE8D5} = {B1127880-D3A2-4B95-BE22-BE9E03644D5C}
		{E1000DB2-93F1-4C15-80D2-A2E412077C2A} = {4ABF5E00-5DAD-4F15-8B7F-B4CCFCECE8D5}
	EndGlobalSection
	GlobalSection(ExtensibilityGlobals) = postSolution
		SolutionGuid = {971477B1-6BBA-40CD-8B76-AEBC01D99130}
	EndGlobalSection
EndGlobal
